
Microsoft Visual Studio Solution File, Format Version 12.00
# Visual Studio 14
VisualStudioVersion = 14.0.25420.1
MinimumVisualStudioVersion = 10.0.40219.1
Project("{FAE04EC0-301F-11D3-BF4B-00C04F79EFBC}") = "NotificationHubSample.Android", "NotificationHubSample\NotificationHubSample.Android\NotificationHubSample.Android.csproj", "{3C365F3C-8CD8-4404-A76B-1E7CAB05FC6F}"
EndProject
Project("{FAE04EC0-301F-11D3-BF4B-00C04F79EFBC}") = "NotificationHubSample", "NotificationHubSample\NotificationHubSample\NotificationHubSample.csproj", "{6C3BABCB-2DDF-4336-85BE-32D4640B14EC}"
EndProject
Project("{FAE04EC0-301F-11D3-BF4B-00C04F79EFBC}") = "NotificationHubSample.UWP", "NotificationHubSample\NotificationHubSample.UWP\NotificationHubSample.UWP.csproj", "{AE58B48C-DE96-4DC1-A8A1-F67CF2E79938}"
EndProject
Project("{FAE04EC0-301F-11D3-BF4B-00C04F79EFBC}") = "NotificationHubSample.iOS", "NotificationHubSample\NotificationHubSample.iOS\NotificationHubSample.iOS.csproj", "{113472B7-F5FB-47A1-A288-ED83EB5F7A50}"
EndProject
Global
	GlobalSection(SolutionConfigurationPlatforms) = preSolution
		Ad-Hoc|Any CPU = Ad-Hoc|Any CPU
		Ad-Hoc|ARM = Ad-Hoc|ARM
		Ad-Hoc|iPhone = Ad-Hoc|iPhone
		Ad-Hoc|iPhoneSimulator = Ad-Hoc|iPhoneSimulator
		Ad-Hoc|x64 = Ad-Hoc|x64
		Ad-Hoc|x86 = Ad-Hoc|x86
		AppStore|Any CPU = AppStore|Any CPU
		AppStore|ARM = AppStore|ARM
		AppStore|iPhone = AppStore|iPhone
		AppStore|iPhoneSimulator = AppStore|iPhoneSimulator
		AppStore|x64 = AppStore|x64
		AppStore|x86 = AppStore|x86
		Debug|Any CPU = Debug|Any CPU
		Debug|ARM = Debug|ARM
		Debug|iPhone = Debug|iPhone
		Debug|iPhoneSimulator = Debug|iPhoneSimulator
		Debug|x64 = Debug|x64
		Debug|x86 = Debug|x86
		Release|Any CPU = Release|Any CPU
		Release|ARM = Release|ARM
		Release|iPhone = Release|iPhone
		Release|iPhoneSimulator = Release|iPhoneSimulator
		Release|x64 = Release|x64
		Release|x86 = Release|x86
	EndGlobalSection
	GlobalSection(ProjectConfigurationPlatforms) = postSolution
		{3C365F3C-8CD8-4404-A76B-1E7CAB05FC6F}.Ad-Hoc|Any CPU.ActiveCfg = Release|Any CPU
		{3C365F3C-8CD8-4404-A76B-1E7CAB05FC6F}.Ad-Hoc|Any CPU.Build.0 = Release|Any CPU
		{3C365F3C-8CD8-4404-A76B-1E7CAB05FC6F}.Ad-Hoc|Any CPU.Deploy.0 = Release|Any CPU
		{3C365F3C-8CD8-4404-A76B-1E7CAB05FC6F}.Ad-Hoc|ARM.ActiveCfg = Release|Any CPU
		{3C365F3C-8CD8-4404-A76B-1E7CAB05FC6F}.Ad-Hoc|ARM.Build.0 = Release|Any CPU
		{3C365F3C-8CD8-4404-A76B-1E7CAB05FC6F}.Ad-Hoc|ARM.Deploy.0 = Release|Any CPU
		{3C365F3C-8CD8-4404-A76B-1E7CAB05FC6F}.Ad-Hoc|iPhone.ActiveCfg = Release|Any CPU
		{3C365F3C-8CD8-4404-A76B-1E7CAB05FC6F}.Ad-Hoc|iPhone.Build.0 = Release|Any CPU
		{3C365F3C-8CD8-4404-A76B-1E7CAB05FC6F}.Ad-Hoc|iPhone.Deploy.0 = Release|Any CPU
		{3C365F3C-8CD8-4404-A76B-1E7CAB05FC6F}.Ad-Hoc|iPhoneSimulator.ActiveCfg = Release|Any CPU
		{3C365F3C-8CD8-4404-A76B-1E7CAB05FC6F}.Ad-Hoc|iPhoneSimulator.Build.0 = Release|Any CPU
		{3C365F3C-8CD8-4404-A76B-1E7CAB05FC6F}.Ad-Hoc|iPhoneSimulator.Deploy.0 = Release|Any CPU
		{3C365F3C-8CD8-4404-A76B-1E7CAB05FC6F}.Ad-Hoc|x64.ActiveCfg = Release|Any CPU
		{3C365F3C-8CD8-4404-A76B-1E7CAB05FC6F}.Ad-Hoc|x64.Build.0 = Release|Any CPU
		{3C365F3C-8CD8-4404-A76B-1E7CAB05FC6F}.Ad-Hoc|x64.Deploy.0 = Release|Any CPU
		{3C365F3C-8CD8-4404-A76B-1E7CAB05FC6F}.Ad-Hoc|x86.ActiveCfg = Release|Any CPU
		{3C365F3C-8CD8-4404-A76B-1E7CAB05FC6F}.Ad-Hoc|x86.Build.0 = Release|Any CPU
		{3C365F3C-8CD8-4404-A76B-1E7CAB05FC6F}.Ad-Hoc|x86.Deploy.0 = Release|Any CPU
		{3C365F3C-8CD8-4404-A76B-1E7CAB05FC6F}.AppStore|Any CPU.ActiveCfg = Release|Any CPU
		{3C365F3C-8CD8-4404-A76B-1E7CAB05FC6F}.AppStore|Any CPU.Build.0 = Release|Any CPU
		{3C365F3C-8CD8-4404-A76B-1E7CAB05FC6F}.AppStore|Any CPU.Deploy.0 = Release|Any CPU
		{3C365F3C-8CD8-4404-A76B-1E7CAB05FC6F}.AppStore|ARM.ActiveCfg = Release|Any CPU
		{3C365F3C-8CD8-4404-A76B-1E7CAB05FC6F}.AppStore|ARM.Build.0 = Release|Any CPU
		{3C365F3C-8CD8-4404-A76B-1E7CAB05FC6F}.AppStore|ARM.Deploy.0 = Release|Any CPU
		{3C365F3C-8CD8-4404-A76B-1E7CAB05FC6F}.AppStore|iPhone.ActiveCfg = Release|Any CPU
		{3C365F3C-8CD8-4404-A76B-1E7CAB05FC6F}.AppStore|iPhone.Build.0 = Release|Any CPU
		{3C365F3C-8CD8-4404-A76B-1E7CAB05FC6F}.AppStore|iPhone.Deploy.0 = Release|Any CPU
		{3C365F3C-8CD8-4404-A76B-1E7CAB05FC6F}.AppStore|iPhoneSimulator.ActiveCfg = Release|Any CPU
		{3C365F3C-8CD8-4404-A76B-1E7CAB05FC6F}.AppStore|iPhoneSimulator.Build.0 = Release|Any CPU
		{3C365F3C-8CD8-4404-A76B-1E7CAB05FC6F}.AppStore|iPhoneSimulator.Deploy.0 = Release|Any CPU
		{3C365F3C-8CD8-4404-A76B-1E7CAB05FC6F}.AppStore|x64.ActiveCfg = Release|Any CPU
		{3C365F3C-8CD8-4404-A76B-1E7CAB05FC6F}.AppStore|x64.Build.0 = Release|Any CPU
		{3C365F3C-8CD8-4404-A76B-1E7CAB05FC6F}.AppStore|x64.Deploy.0 = Release|Any CPU
		{3C365F3C-8CD8-4404-A76B-1E7CAB05FC6F}.AppStore|x86.ActiveCfg = Release|Any CPU
		{3C365F3C-8CD8-4404-A76B-1E7CAB05FC6F}.AppStore|x86.Build.0 = Release|Any CPU
		{3C365F3C-8CD8-4404-A76B-1E7CAB05FC6F}.AppStore|x86.Deploy.0 = Release|Any CPU
		{3C365F3C-8CD8-4404-A76B-1E7CAB05FC6F}.Debug|Any CPU.ActiveCfg = Debug|Any CPU
		{3C365F3C-8CD8-4404-A76B-1E7CAB05FC6F}.Debug|Any CPU.Build.0 = Debug|Any CPU
		{3C365F3C-8CD8-4404-A76B-1E7CAB05FC6F}.Debug|Any CPU.Deploy.0 = Debug|Any CPU
		{3C365F3C-8CD8-4404-A76B-1E7CAB05FC6F}.Debug|ARM.ActiveCfg = Debug|Any CPU
		{3C365F3C-8CD8-4404-A76B-1E7CAB05FC6F}.Debug|ARM.Build.0 = Debug|Any CPU
		{3C365F3C-8CD8-4404-A76B-1E7CAB05FC6F}.Debug|ARM.Deploy.0 = Debug|Any CPU
		{3C365F3C-8CD8-4404-A76B-1E7CAB05FC6F}.Debug|iPhone.ActiveCfg = Debug|Any CPU
		{3C365F3C-8CD8-4404-A76B-1E7CAB05FC6F}.Debug|iPhone.Build.0 = Debug|Any CPU
		{3C365F3C-8CD8-4404-A76B-1E7CAB05FC6F}.Debug|iPhone.Deploy.0 = Debug|Any CPU
		{3C365F3C-8CD8-4404-A76B-1E7CAB05FC6F}.Debug|iPhoneSimulator.ActiveCfg = Debug|Any CPU
		{3C365F3C-8CD8-4404-A76B-1E7CAB05FC6F}.Debug|iPhoneSimulator.Build.0 = Debug|Any CPU
		{3C365F3C-8CD8-4404-A76B-1E7CAB05FC6F}.Debug|iPhoneSimulator.Deploy.0 = Debug|Any CPU
		{3C365F3C-8CD8-4404-A76B-1E7CAB05FC6F}.Debug|x64.ActiveCfg = Debug|Any CPU
		{3C365F3C-8CD8-4404-A76B-1E7CAB05FC6F}.Debug|x64.Build.0 = Debug|Any CPU
		{3C365F3C-8CD8-4404-A76B-1E7CAB05FC6F}.Debug|x64.Deploy.0 = Debug|Any CPU
		{3C365F3C-8CD8-4404-A76B-1E7CAB05FC6F}.Debug|x86.ActiveCfg = Debug|Any CPU
		{3C365F3C-8CD8-4404-A76B-1E7CAB05FC6F}.Debug|x86.Build.0 = Debug|Any CPU
		{3C365F3C-8CD8-4404-A76B-1E7CAB05FC6F}.Debug|x86.Deploy.0 = Debug|Any CPU
		{3C365F3C-8CD8-4404-A76B-1E7CAB05FC6F}.Release|Any CPU.ActiveCfg = Release|Any CPU
		{3C365F3C-8CD8-4404-A76B-1E7CAB05FC6F}.Release|Any CPU.Build.0 = Release|Any CPU
		{3C365F3C-8CD8-4404-A76B-1E7CAB05FC6F}.Release|Any CPU.Deploy.0 = Release|Any CPU
		{3C365F3C-8CD8-4404-A76B-1E7CAB05FC6F}.Release|ARM.ActiveCfg = Release|Any CPU
		{3C365F3C-8CD8-4404-A76B-1E7CAB05FC6F}.Release|ARM.Build.0 = Release|Any CPU
		{3C365F3C-8CD8-4404-A76B-1E7CAB05FC6F}.Release|ARM.Deploy.0 = Release|Any CPU
		{3C365F3C-8CD8-4404-A76B-1E7CAB05FC6F}.Release|iPhone.ActiveCfg = Release|Any CPU
		{3C365F3C-8CD8-4404-A76B-1E7CAB05FC6F}.Release|iPhone.Build.0 = Release|Any CPU
		{3C365F3C-8CD8-4404-A76B-1E7CAB05FC6F}.Release|iPhone.Deploy.0 = Release|Any CPU
		{3C365F3C-8CD8-4404-A76B-1E7CAB05FC6F}.Release|iPhoneSimulator.ActiveCfg = Release|Any CPU
		{3C365F3C-8CD8-4404-A76B-1E7CAB05FC6F}.Release|iPhoneSimulator.Build.0 = Release|Any CPU
		{3C365F3C-8CD8-4404-A76B-1E7CAB05FC6F}.Release|iPhoneSimulator.Deploy.0 = Release|Any CPU
		{3C365F3C-8CD8-4404-A76B-1E7CAB05FC6F}.Release|x64.ActiveCfg = Release|Any CPU
		{3C365F3C-8CD8-4404-A76B-1E7CAB05FC6F}.Release|x64.Build.0 = Release|Any CPU
		{3C365F3C-8CD8-4404-A76B-1E7CAB05FC6F}.Release|x64.Deploy.0 = Release|Any CPU
		{3C365F3C-8CD8-4404-A76B-1E7CAB05FC6F}.Release|x86.ActiveCfg = Release|Any CPU
		{3C365F3C-8CD8-4404-A76B-1E7CAB05FC6F}.Release|x86.Build.0 = Release|Any CPU
		{3C365F3C-8CD8-4404-A76B-1E7CAB05FC6F}.Release|x86.Deploy.0 = Release|Any CPU
		{6C3BABCB-2DDF-4336-85BE-32D4640B14EC}.Ad-Hoc|Any CPU.ActiveCfg = Release|Any CPU
		{6C3BABCB-2DDF-4336-85BE-32D4640B14EC}.Ad-Hoc|Any CPU.Build.0 = Release|Any CPU
		{6C3BABCB-2DDF-4336-85BE-32D4640B14EC}.Ad-Hoc|ARM.ActiveCfg = Release|Any CPU
		{6C3BABCB-2DDF-4336-85BE-32D4640B14EC}.Ad-Hoc|ARM.Build.0 = Release|Any CPU
		{6C3BABCB-2DDF-4336-85BE-32D4640B14EC}.Ad-Hoc|iPhone.ActiveCfg = Release|Any CPU
		{6C3BABCB-2DDF-4336-85BE-32D4640B14EC}.Ad-Hoc|iPhone.Build.0 = Release|Any CPU
		{6C3BABCB-2DDF-4336-85BE-32D4640B14EC}.Ad-Hoc|iPhoneSimulator.ActiveCfg = Release|Any CPU
		{6C3BABCB-2DDF-4336-85BE-32D4640B14EC}.Ad-Hoc|iPhoneSimulator.Build.0 = Release|Any CPU
		{6C3BABCB-2DDF-4336-85BE-32D4640B14EC}.Ad-Hoc|x64.ActiveCfg = Release|Any CPU
		{6C3BABCB-2DDF-4336-85BE-32D4640B14EC}.Ad-Hoc|x64.Build.0 = Release|Any CPU
		{6C3BABCB-2DDF-4336-85BE-32D4640B14EC}.Ad-Hoc|x86.ActiveCfg = Release|Any CPU
		{6C3BABCB-2DDF-4336-85BE-32D4640B14EC}.Ad-Hoc|x86.Build.0 = Release|Any CPU
		{6C3BABCB-2DDF-4336-85BE-32D4640B14EC}.AppStore|Any CPU.ActiveCfg = Release|Any CPU
		{6C3BABCB-2DDF-4336-85BE-32D4640B14EC}.AppStore|Any CPU.Build.0 = Release|Any CPU
		{6C3BABCB-2DDF-4336-85BE-32D4640B14EC}.AppStore|ARM.ActiveCfg = Release|Any CPU
		{6C3BABCB-2DDF-4336-85BE-32D4640B14EC}.AppStore|ARM.Build.0 = Release|Any CPU
		{6C3BABCB-2DDF-4336-85BE-32D4640B14EC}.AppStore|iPhone.ActiveCfg = Release|Any CPU
		{6C3BABCB-2DDF-4336-85BE-32D4640B14EC}.AppStore|iPhone.Build.0 = Release|Any CPU
		{6C3BABCB-2DDF-4336-85BE-32D4640B14EC}.AppStore|iPhoneSimulator.ActiveCfg = Release|Any CPU
		{6C3BABCB-2DDF-4336-85BE-32D4640B14EC}.AppStore|iPhoneSimulator.Build.0 = Release|Any CPU
		{6C3BABCB-2DDF-4336-85BE-32D4640B14EC}.AppStore|x64.ActiveCfg = Release|Any CPU
		{6C3BABCB-2DDF-4336-85BE-32D4640B14EC}.AppStore|x64.Build.0 = Release|Any CPU
		{6C3BABCB-2DDF-4336-85BE-32D4640B14EC}.AppStore|x86.ActiveCfg = Release|Any CPU
		{6C3BABCB-2DDF-4336-85BE-32D4640B14EC}.AppStore|x86.Build.0 = Release|Any CPU
		{6C3BABCB-2DDF-4336-85BE-32D4640B14EC}.Debug|Any CPU.ActiveCfg = Debug|Any CPU
		{6C3BABCB-2DDF-4336-85BE-32D4640B14EC}.Debug|Any CPU.Build.0 = Debug|Any CPU
		{6C3BABCB-2DDF-4336-85BE-32D4640B14EC}.Debug|ARM.ActiveCfg = Debug|Any CPU
		{6C3BABCB-2DDF-4336-85BE-32D4640B14EC}.Debug|ARM.Build.0 = Debug|Any CPU
		{6C3BABCB-2DDF-4336-85BE-32D4640B14EC}.Debug|iPhone.ActiveCfg = Debug|Any CPU
		{6C3BABCB-2DDF-4336-85BE-32D4640B14EC}.Debug|iPhone.Build.0 = Debug|Any CPU
		{6C3BABCB-2DDF-4336-85BE-32D4640B14EC}.Debug|iPhoneSimulator.ActiveCfg = Debug|Any CPU
		{6C3BABCB-2DDF-4336-85BE-32D4640B14EC}.Debug|iPhoneSimulator.Build.0 = Debug|Any CPU
		{6C3BABCB-2DDF-4336-85BE-32D4640B14EC}.Debug|x64.ActiveCfg = Debug|Any CPU
		{6C3BABCB-2DDF-4336-85BE-32D4640B14EC}.Debug|x64.Build.0 = Debug|Any CPU
		{6C3BABCB-2DDF-4336-85BE-32D4640B14EC}.Debug|x86.ActiveCfg = Debug|Any CPU
		{6C3BABCB-2DDF-4336-85BE-32D4640B14EC}.Debug|x86.Build.0 = Debug|Any CPU
		{6C3BABCB-2DDF-4336-85BE-32D4640B14EC}.Release|Any CPU.ActiveCfg = Release|Any CPU
		{6C3BABCB-2DDF-4336-85BE-32D4640B14EC}.Release|Any CPU.Build.0 = Release|Any CPU
		{6C3BABCB-2DDF-4336-85BE-32D4640B14EC}.Release|ARM.ActiveCfg = Release|Any CPU
		{6C3BABCB-2DDF-4336-85BE-32D4640B14EC}.Release|ARM.Build.0 = Release|Any CPU
		{6C3BABCB-2DDF-4336-85BE-32D4640B14EC}.Release|iPhone.ActiveCfg = Release|Any CPU
		{6C3BABCB-2DDF-4336-85BE-32D4640B14EC}.Release|iPhone.Build.0 = Release|Any CPU
		{6C3BABCB-2DDF-4336-85BE-32D4640B14EC}.Release|iPhoneSimulator.ActiveCfg = Release|Any CPU
		{6C3BABCB-2DDF-4336-85BE-32D4640B14EC}.Release|iPhoneSimulator.Build.0 = Release|Any CPU
		{6C3BABCB-2DDF-4336-85BE-32D4640B14EC}.Release|x64.ActiveCfg = Release|Any CPU
		{6C3BABCB-2DDF-4336-85BE-32D4640B14EC}.Release|x64.Build.0 = Release|Any CPU
		{6C3BABCB-2DDF-4336-85BE-32D4640B14EC}.Release|x86.ActiveCfg = Release|Any CPU
		{6C3BABCB-2DDF-4336-85BE-32D4640B14EC}.Release|x86.Build.0 = Release|Any CPU
		{AE58B48C-DE96-4DC1-A8A1-F67CF2E79938}.Ad-Hoc|Any CPU.ActiveCfg = Release|x86
		{AE58B48C-DE96-4DC1-A8A1-F67CF2E79938}.Ad-Hoc|Any CPU.Build.0 = Release|x86
		{AE58B48C-DE96-4DC1-A8A1-F67CF2E79938}.Ad-Hoc|Any CPU.Deploy.0 = Release|x86
		{AE58B48C-DE96-4DC1-A8A1-F67CF2E79938}.Ad-Hoc|ARM.ActiveCfg = Release|ARM
		{AE58B48C-DE96-4DC1-A8A1-F67CF2E79938}.Ad-Hoc|ARM.Build.0 = Release|ARM
		{AE58B48C-DE96-4DC1-A8A1-F67CF2E79938}.Ad-Hoc|ARM.Deploy.0 = Release|ARM
		{AE58B48C-DE96-4DC1-A8A1-F67CF2E79938}.Ad-Hoc|iPhone.ActiveCfg = Release|x86
		{AE58B48C-DE96-4DC1-A8A1-F67CF2E79938}.Ad-Hoc|iPhone.Build.0 = Release|x86
		{AE58B48C-DE96-4DC1-A8A1-F67CF2E79938}.Ad-Hoc|iPhone.Deploy.0 = Release|x86
		{AE58B48C-DE96-4DC1-A8A1-F67CF2E79938}.Ad-Hoc|iPhoneSimulator.ActiveCfg = Release|x86
		{AE58B48C-DE96-4DC1-A8A1-F67CF2E79938}.Ad-Hoc|iPhoneSimulator.Build.0 = Release|x86
		{AE58B48C-DE96-4DC1-A8A1-F67CF2E79938}.Ad-Hoc|iPhoneSimulator.Deploy.0 = Release|x86
		{AE58B48C-DE96-4DC1-A8A1-F67CF2E79938}.Ad-Hoc|x64.ActiveCfg = Release|x64
		{AE58B48C-DE96-4DC1-A8A1-F67CF2E79938}.Ad-Hoc|x64.Build.0 = Release|x64
		{AE58B48C-DE96-4DC1-A8A1-F67CF2E79938}.Ad-Hoc|x64.Deploy.0 = Release|x64
		{AE58B48C-DE96-4DC1-A8A1-F67CF2E79938}.Ad-Hoc|x86.ActiveCfg = Release|x86
		{AE58B48C-DE96-4DC1-A8A1-F67CF2E79938}.Ad-Hoc|x86.Build.0 = Release|x86
		{AE58B48C-DE96-4DC1-A8A1-F67CF2E79938}.Ad-Hoc|x86.Deploy.0 = Release|x86
		{AE58B48C-DE96-4DC1-A8A1-F67CF2E79938}.AppStore|Any CPU.ActiveCfg = Release|x86
		{AE58B48C-DE96-4DC1-A8A1-F67CF2E79938}.AppStore|Any CPU.Build.0 = Release|x86
		{AE58B48C-DE96-4DC1-A8A1-F67CF2E79938}.AppStore|Any CPU.Deploy.0 = Release|x86
		{AE58B48C-DE96-4DC1-A8A1-F67CF2E79938}.AppStore|ARM.ActiveCfg = Release|ARM
		{AE58B48C-DE96-4DC1-A8A1-F67CF2E79938}.AppStore|ARM.Build.0 = Release|ARM
		{AE58B48C-DE96-4DC1-A8A1-F67CF2E79938}.AppStore|ARM.Deploy.0 = Release|ARM
		{AE58B48C-DE96-4DC1-A8A1-F67CF2E79938}.AppStore|iPhone.ActiveCfg = Release|x86
		{AE58B48C-DE96-4DC1-A8A1-F67CF2E79938}.AppStore|iPhone.Build.0 = Release|x86
		{AE58B48C-DE96-4DC1-A8A1-F67CF2E79938}.AppStore|iPhone.Deploy.0 = Release|x86
		{AE58B48C-DE96-4DC1-A8A1-F67CF2E79938}.AppStore|iPhoneSimulator.ActiveCfg = Release|x86
		{AE58B48C-DE96-4DC1-A8A1-F67CF2E79938}.AppStore|iPhoneSimulator.Build.0 = Release|x86
		{AE58B48C-DE96-4DC1-A8A1-F67CF2E79938}.AppStore|iPhoneSimulator.Deploy.0 = Release|x86
		{AE58B48C-DE96-4DC1-A8A1-F67CF2E79938}.AppStore|x64.ActiveCfg = Release|x64
		{AE58B48C-DE96-4DC1-A8A1-F67CF2E79938}.AppStore|x64.Build.0 = Release|x64
		{AE58B48C-DE96-4DC1-A8A1-F67CF2E79938}.AppStore|x64.Deploy.0 = Release|x64
		{AE58B48C-DE96-4DC1-A8A1-F67CF2E79938}.AppStore|x86.ActiveCfg = Release|x86
		{AE58B48C-DE96-4DC1-A8A1-F67CF2E79938}.AppStore|x86.Build.0 = Release|x86
		{AE58B48C-DE96-4DC1-A8A1-F67CF2E79938}.AppStore|x86.Deploy.0 = Release|x86
		{AE58B48C-DE96-4DC1-A8A1-F67CF2E79938}.Debug|Any CPU.ActiveCfg = Debug|x86
		{AE58B48C-DE96-4DC1-A8A1-F67CF2E79938}.Debug|ARM.ActiveCfg = Debug|ARM
		{AE58B48C-DE96-4DC1-A8A1-F67CF2E79938}.Debug|ARM.Build.0 = Debug|ARM
		{AE58B48C-DE96-4DC1-A8A1-F67CF2E79938}.Debug|ARM.Deploy.0 = Debug|ARM
		{AE58B48C-DE96-4DC1-A8A1-F67CF2E79938}.Debug|iPhone.ActiveCfg = Debug|x86
		{AE58B48C-DE96-4DC1-A8A1-F67CF2E79938}.Debug|iPhoneSimulator.ActiveCfg = Debug|x86
		{AE58B48C-DE96-4DC1-A8A1-F67CF2E79938}.Debug|x64.ActiveCfg = Debug|x64
		{AE58B48C-DE96-4DC1-A8A1-F67CF2E79938}.Debug|x64.Build.0 = Debug|x64
		{AE58B48C-DE96-4DC1-A8A1-F67CF2E79938}.Debug|x64.Deploy.0 = Debug|x64
		{AE58B48C-DE96-4DC1-A8A1-F67CF2E79938}.Debug|x86.ActiveCfg = Debug|x86
		{AE58B48C-DE96-4DC1-A8A1-F67CF2E79938}.Debug|x86.Build.0 = Debug|x86
		{AE58B48C-DE96-4DC1-A8A1-F67CF2E79938}.Debug|x86.Deploy.0 = Debug|x86
		{AE58B48C-DE96-4DC1-A8A1-F67CF2E79938}.Release|Any CPU.ActiveCfg = Release|x86
		{AE58B48C-DE96-4DC1-A8A1-F67CF2E79938}.Release|ARM.ActiveCfg = Release|ARM
		{AE58B48C-DE96-4DC1-A8A1-F67CF2E79938}.Release|ARM.Build.0 = Release|ARM
		{AE58B48C-DE96-4DC1-A8A1-F67CF2E79938}.Release|ARM.Deploy.0 = Release|ARM
		{AE58B48C-DE96-4DC1-A8A1-F67CF2E79938}.Release|iPhone.ActiveCfg = Release|x86
		{AE58B48C-DE96-4DC1-A8A1-F67CF2E79938}.Release|iPhoneSimulator.ActiveCfg = Release|x86
		{AE58B48C-DE96-4DC1-A8A1-F67CF2E79938}.Release|x64.ActiveCfg = Release|x64
		{AE58B48C-DE96-4DC1-A8A1-F67CF2E79938}.Release|x64.Build.0 = Release|x64
		{AE58B48C-DE96-4DC1-A8A1-F67CF2E79938}.Release|x64.Deploy.0 = Release|x64
		{AE58B48C-DE96-4DC1-A8A1-F67CF2E79938}.Release|x86.ActiveCfg = Release|x86
		{AE58B48C-DE96-4DC1-A8A1-F67CF2E79938}.Release|x86.Build.0 = Release|x86
		{AE58B48C-DE96-4DC1-A8A1-F67CF2E79938}.Release|x86.Deploy.0 = Release|x86
		{113472B7-F5FB-47A1-A288-ED83EB5F7A50}.Ad-Hoc|Any CPU.ActiveCfg = Ad-Hoc|iPhone
		{113472B7-F5FB-47A1-A288-ED83EB5F7A50}.Ad-Hoc|ARM.ActiveCfg = Ad-Hoc|iPhone
		{113472B7-F5FB-47A1-A288-ED83EB5F7A50}.Ad-Hoc|iPhone.ActiveCfg = Ad-Hoc|iPhone
		{113472B7-F5FB-47A1-A288-ED83EB5F7A50}.Ad-Hoc|iPhone.Build.0 = Ad-Hoc|iPhone
		{113472B7-F5FB-47A1-A288-ED83EB5F7A50}.Ad-Hoc|iPhoneSimulator.ActiveCfg = Ad-Hoc|iPhoneSimulator
		{113472B7-F5FB-47A1-A288-ED83EB5F7A50}.Ad-Hoc|iPhoneSimulator.Build.0 = Ad-Hoc|iPhoneSimulator
		{113472B7-F5FB-47A1-A288-ED83EB5F7A50}.Ad-Hoc|x64.ActiveCfg = Ad-Hoc|iPhone
		{113472B7-F5FB-47A1-A288-ED83EB5F7A50}.Ad-Hoc|x86.ActiveCfg = Ad-Hoc|iPhone
		{113472B7-F5FB-47A1-A288-ED83EB5F7A50}.AppStore|Any CPU.ActiveCfg = AppStore|iPhone
		{113472B7-F5FB-47A1-A288-ED83EB5F7A50}.AppStore|ARM.ActiveCfg = AppStore|iPhone
		{113472B7-F5FB-47A1-A288-ED83EB5F7A50}.AppStore|iPhone.ActiveCfg = AppStore|iPhone
		{113472B7-F5FB-47A1-A288-ED83EB5F7A50}.AppStore|iPhone.Build.0 = AppStore|iPhone
		{113472B7-F5FB-47A1-A288-ED83EB5F7A50}.AppStore|iPhoneSimulator.ActiveCfg = AppStore|iPhoneSimulator
		{113472B7-F5FB-47A1-A288-ED83EB5F7A50}.AppStore|iPhoneSimulator.Build.0 = AppStore|iPhoneSimulator
		{113472B7-F5FB-47A1-A288-ED83EB5F7A50}.AppStore|x64.ActiveCfg = AppStore|iPhone
		{113472B7-F5FB-47A1-A288-ED83EB5F7A50}.AppStore|x86.ActiveCfg = AppStore|iPhone
		{113472B7-F5FB-47A1-A288-ED83EB5F7A50}.Debug|Any CPU.ActiveCfg = Debug|iPhone
		{113472B7-F5FB-47A1-A288-ED83EB5F7A50}.Debug|ARM.ActiveCfg = Debug|iPhone
		{113472B7-F5FB-47A1-A288-ED83EB5F7A50}.Debug|iPhone.ActiveCfg = Debug|iPhone
		{113472B7-F5FB-47A1-A288-ED83EB5F7A50}.Debug|iPhone.Build.0 = Debug|iPhone
		{113472B7-F5FB-47A1-A288-ED83EB5F7A50}.Debug|iPhoneSimulator.ActiveCfg = Debug|iPhoneSimulator
		{113472B7-F5FB-47A1-A288-ED83EB5F7A50}.Debug|iPhoneSimulator.Build.0 = Debug|iPhoneSimulator
		{113472B7-F5FB-47A1-A288-ED83EB5F7A50}.Debug|x64.ActiveCfg = Debug|iPhone
		{113472B7-F5FB-47A1-A288-ED83EB5F7A50}.Debug|x86.ActiveCfg = Debug|iPhone
		{113472B7-F5FB-47A1-A288-ED83EB5F7A50}.Release|Any CPU.ActiveCfg = Release|iPhone
		{113472B7-F5FB-47A1-A288-ED83EB5F7A50}.Release|ARM.ActiveCfg = Release|iPhone
		{113472B7-F5FB-47A1-A288-ED83EB5F7A50}.Release|iPhone.ActiveCfg = Release|iPhone
		{113472B7-F5FB-47A1-A288-ED83EB5F7A50}.Release|iPhone.Build.0 = Release|iPhone
		{113472B7-F5FB-47A1-A288-ED83EB5F7A50}.Release|iPhoneSimulator.ActiveCfg = Release|iPhoneSimulator
		{113472B7-F5FB-47A1-A288-ED83EB5F7A50}.Release|iPhoneSimulator.Build.0 = Release|iPhoneSimulator
		{113472B7-F5FB-47A1-A288-ED83EB5F7A50}.Release|x64.ActiveCfg = Release|iPhone
		{113472B7-F5FB-47A1-A288-ED83EB5F7A50}.Release|x86.ActiveCfg = Release|iPhone
	EndGlobalSection
	GlobalSection(SolutionProperties) = preSolution
		HideSolutionNode = FALSE
	EndGlobalSection
EndGlobal
